// !$*UTF8*$!
{
	archiveVersion = 1;
	classes = {
	};
	objectVersion = 55;
	objects = {

/* Begin PBXBuildFile section */
		0D4D8D7228960BF100A30548 /* Screenshot01.png in Resources */ = {isa = PBXBuildFile; fileRef = 0D4D8D6C28960BF100A30548 /* Screenshot01.png */; };
		0D4D8D7328960BF100A30548 /* Screenshot04.png in Resources */ = {isa = PBXBuildFile; fileRef = 0D4D8D6D28960BF100A30548 /* Screenshot04.png */; };
		0D4D8D7428960BF100A30548 /* Screenshot05.png in Resources */ = {isa = PBXBuildFile; fileRef = 0D4D8D6E28960BF100A30548 /* Screenshot05.png */; };
		0D4D8D7528960BF100A30548 /* Screenshot02.png in Resources */ = {isa = PBXBuildFile; fileRef = 0D4D8D6F28960BF100A30548 /* Screenshot02.png */; };
		0D4D8D7628960BF100A30548 /* Screenshot03.png in Resources */ = {isa = PBXBuildFile; fileRef = 0D4D8D7028960BF100A30548 /* Screenshot03.png */; };
		0D4D8D7728960BF100A30548 /* Screenshot06.png in Resources */ = {isa = PBXBuildFile; fileRef = 0D4D8D7128960BF100A30548 /* Screenshot06.png */; };
		0D8643BD28930C8A0083312C /* AppDelegate.swift in Sources */ = {isa = PBXBuildFile; fileRef = 0D8643BC28930C8A0083312C /* AppDelegate.swift */; };
		0D8643BF28930C8A0083312C /* SceneDelegate.swift in Sources */ = {isa = PBXBuildFile; fileRef = 0D8643BE28930C8A0083312C /* SceneDelegate.swift */; };
		0D8643C428930C8A0083312C /* Main.storyboard in Resources */ = {isa = PBXBuildFile; fileRef = 0D8643C228930C8A0083312C /* Main.storyboard */; };
		0D8643C628930C8B0083312C /* Assets.xcassets in Resources */ = {isa = PBXBuildFile; fileRef = 0D8643C528930C8B0083312C /* Assets.xcassets */; };
		0D8643C928930C8B0083312C /* LaunchScreen.storyboard in Resources */ = {isa = PBXBuildFile; fileRef = 0D8643C728930C8B0083312C /* LaunchScreen.storyboard */; };
		0D8643D228930CE70083312C /* ToDo.swift in Sources */ = {isa = PBXBuildFile; fileRef = 0D8643D128930CE70083312C /* ToDo.swift */; };
		0D8643D7289325790083312C /* ToDoTableViewController.swift in Sources */ = {isa = PBXBuildFile; fileRef = 0D8643D6289325790083312C /* ToDoTableViewController.swift */; };
		0D8643D9289325B20083312C /* ToDoItemTableViewController.swift in Sources */ = {isa = PBXBuildFile; fileRef = 0D8643D8289325B20083312C /* ToDoItemTableViewController.swift */; };
		0D8643DC28935CD30083312C /* ToDoCell.swift in Sources */ = {isa = PBXBuildFile; fileRef = 0D8643DB28935CD30083312C /* ToDoCell.swift */; };
		0D8643DF2893E25D0083312C /* String+Extension.swift in Sources */ = {isa = PBXBuildFile; fileRef = 0D8643DE2893E25D0083312C /* String+Extension.swift */; };
		0D8643E12893EA970083312C /* Date+Extension.swift in Sources */ = {isa = PBXBuildFile; fileRef = 0D8643E02893EA970083312C /* Date+Extension.swift */; };
		0D8643E328955AEB0083312C /* TextFieldCell.swift in Sources */ = {isa = PBXBuildFile; fileRef = 0D8643E228955AEB0083312C /* TextFieldCell.swift */; };
		0D8643E52895617C0083312C /* SwitchCell.swift in Sources */ = {isa = PBXBuildFile; fileRef = 0D8643E42895617C0083312C /* SwitchCell.swift */; };
		0D8643E7289561C80083312C /* DateCell.swift in Sources */ = {isa = PBXBuildFile; fileRef = 0D8643E6289561C80083312C /* DateCell.swift */; };
		0D8643E92895620A0083312C /* DatePickerCell.swift in Sources */ = {isa = PBXBuildFile; fileRef = 0D8643E82895620A0083312C /* DatePickerCell.swift */; };
		0D8643EB289562580083312C /* ImageCell.swift in Sources */ = {isa = PBXBuildFile; fileRef = 0D8643EA289562580083312C /* ImageCell.swift */; };
		0DCB1C982895DCAE007CA4EA /* SectionDatePicker.swift in Sources */ = {isa = PBXBuildFile; fileRef = 0DCB1C972895DCAE007CA4EA /* SectionDatePicker.swift */; };
		0DCB1C9A2895DE75007CA4EA /* SectionPickerController.swift in Sources */ = {isa = PBXBuildFile; fileRef = 0DCB1C992895DE75007CA4EA /* SectionPickerController.swift */; };
		0DCB1C9C2895DECA007CA4EA /* SectionSwitch.swift in Sources */ = {isa = PBXBuildFile; fileRef = 0DCB1C9B2895DECA007CA4EA /* SectionSwitch.swift */; };
		0DCB1C9E2895DFA4007CA4EA /* SectionTextField.swift in Sources */ = {isa = PBXBuildFile; fileRef = 0DCB1C9D2895DFA4007CA4EA /* SectionTextField.swift */; };
/* End PBXBuildFile section */

/* Begin PBXFileReference section */
		0D4D8D6C28960BF100A30548 /* Screenshot01.png */ = {isa = PBXFileReference; lastKnownFileType = image.png; path = Screenshot01.png; sourceTree = "<group>"; };
		0D4D8D6D28960BF100A30548 /* Screenshot04.png */ = {isa = PBXFileReference; lastKnownFileType = image.png; path = Screenshot04.png; sourceTree = "<group>"; };
		0D4D8D6E28960BF100A30548 /* Screenshot05.png */ = {isa = PBXFileReference; lastKnownFileType = image.png; path = Screenshot05.png; sourceTree = "<group>"; };
		0D4D8D6F28960BF100A30548 /* Screenshot02.png */ = {isa = PBXFileReference; lastKnownFileType = image.png; path = Screenshot02.png; sourceTree = "<group>"; };
		0D4D8D7028960BF100A30548 /* Screenshot03.png */ = {isa = PBXFileReference; lastKnownFileType = image.png; path = Screenshot03.png; sourceTree = "<group>"; };
		0D4D8D7128960BF100A30548 /* Screenshot06.png */ = {isa = PBXFileReference; lastKnownFileType = image.png; path = Screenshot06.png; sourceTree = "<group>"; };
		0D8643B928930C8A0083312C /* To Do List 2022.app */ = {isa = PBXFileReference; explicitFileType = wrapper.application; includeInIndex = 0; path = "To Do List 2022.app"; sourceTree = BUILT_PRODUCTS_DIR; };
		0D8643BC28930C8A0083312C /* AppDelegate.swift */ = {isa = PBXFileReference; lastKnownFileType = sourcecode.swift; path = AppDelegate.swift; sourceTree = "<group>"; };
		0D8643BE28930C8A0083312C /* SceneDelegate.swift */ = {isa = PBXFileReference; lastKnownFileType = sourcecode.swift; path = SceneDelegate.swift; sourceTree = "<group>"; };
		0D8643C328930C8A0083312C /* Base */ = {isa = PBXFileReference; lastKnownFileType = file.storyboard; name = Base; path = Base.lproj/Main.storyboard; sourceTree = "<group>"; };
		0D8643C528930C8B0083312C /* Assets.xcassets */ = {isa = PBXFileReference; lastKnownFileType = folder.assetcatalog; path = Assets.xcassets; sourceTree = "<group>"; };
		0D8643C828930C8B0083312C /* Base */ = {isa = PBXFileReference; lastKnownFileType = file.storyboard; name = Base; path = Base.lproj/LaunchScreen.storyboard; sourceTree = "<group>"; };
		0D8643CA28930C8B0083312C /* Info.plist */ = {isa = PBXFileReference; lastKnownFileType = text.plist.xml; path = Info.plist; sourceTree = "<group>"; };
		0D8643D128930CE70083312C /* ToDo.swift */ = {isa = PBXFileReference; lastKnownFileType = sourcecode.swift; path = ToDo.swift; sourceTree = "<group>"; };
		0D8643D6289325790083312C /* ToDoTableViewController.swift */ = {isa = PBXFileReference; lastKnownFileType = sourcecode.swift; path = ToDoTableViewController.swift; sourceTree = "<group>"; };
		0D8643D8289325B20083312C /* ToDoItemTableViewController.swift */ = {isa = PBXFileReference; lastKnownFileType = sourcecode.swift; path = ToDoItemTableViewController.swift; sourceTree = "<group>"; };
		0D8643DB28935CD30083312C /* ToDoCell.swift */ = {isa = PBXFileReference; lastKnownFileType = sourcecode.swift; path = ToDoCell.swift; sourceTree = "<group>"; };
		0D8643DE2893E25D0083312C /* String+Extension.swift */ = {isa = PBXFileReference; lastKnownFileType = sourcecode.swift; path = "String+Extension.swift"; sourceTree = "<group>"; };
		0D8643E02893EA970083312C /* Date+Extension.swift */ = {isa = PBXFileReference; lastKnownFileType = sourcecode.swift; path = "Date+Extension.swift"; sourceTree = "<group>"; };
		0D8643E228955AEB0083312C /* TextFieldCell.swift */ = {isa = PBXFileReference; lastKnownFileType = sourcecode.swift; path = TextFieldCell.swift; sourceTree = "<group>"; };
		0D8643E42895617C0083312C /* SwitchCell.swift */ = {isa = PBXFileReference; lastKnownFileType = sourcecode.swift; path = SwitchCell.swift; sourceTree = "<group>"; };
		0D8643E6289561C80083312C /* DateCell.swift */ = {isa = PBXFileReference; lastKnownFileType = sourcecode.swift; path = DateCell.swift; sourceTree = "<group>"; };
		0D8643E82895620A0083312C /* DatePickerCell.swift */ = {isa = PBXFileReference; lastKnownFileType = sourcecode.swift; path = DatePickerCell.swift; sourceTree = "<group>"; };
		0D8643EA289562580083312C /* ImageCell.swift */ = {isa = PBXFileReference; lastKnownFileType = sourcecode.swift; path = ImageCell.swift; sourceTree = "<group>"; };
		0DCB1C972895DCAE007CA4EA /* SectionDatePicker.swift */ = {isa = PBXFileReference; lastKnownFileType = sourcecode.swift; path = SectionDatePicker.swift; sourceTree = "<group>"; };
		0DCB1C992895DE75007CA4EA /* SectionPickerController.swift */ = {isa = PBXFileReference; lastKnownFileType = sourcecode.swift; path = SectionPickerController.swift; sourceTree = "<group>"; };
		0DCB1C9B2895DECA007CA4EA /* SectionSwitch.swift */ = {isa = PBXFileReference; lastKnownFileType = sourcecode.swift; path = SectionSwitch.swift; sourceTree = "<group>"; };
		0DCB1C9D2895DFA4007CA4EA /* SectionTextField.swift */ = {isa = PBXFileReference; lastKnownFileType = sourcecode.swift; path = SectionTextField.swift; sourceTree = "<group>"; };
/* End PBXFileReference section */

/* Begin PBXFrameworksBuildPhase section */
		0D8643B628930C8A0083312C /* Frameworks */ = {
			isa = PBXFrameworksBuildPhase;
			buildActionMask = 2147483647;
			files = (
			);
			runOnlyForDeploymentPostprocessing = 0;
		};
/* End PBXFrameworksBuildPhase section */

/* Begin PBXGroup section */
		0D4D8D6B28960BC700A30548 /* Screenshots new */ = {
			isa = PBXGroup;
			children = (
				0D4D8D6C28960BF100A30548 /* Screenshot01.png */,
				0D4D8D6F28960BF100A30548 /* Screenshot02.png */,
				0D4D8D7028960BF100A30548 /* Screenshot03.png */,
				0D4D8D6D28960BF100A30548 /* Screenshot04.png */,
				0D4D8D6E28960BF100A30548 /* Screenshot05.png */,
				0D4D8D7128960BF100A30548 /* Screenshot06.png */,
			);
			path = "Screenshots new";
			sourceTree = "<group>";
		};
		0D8643B028930C8A0083312C = {
			isa = PBXGroup;
			children = (
				0D4D8D6B28960BC700A30548 /* Screenshots new */,
				0D8643BB28930C8A0083312C /* To Do List 2022 */,
				0D8643BA28930C8A0083312C /* Products */,
			);
			sourceTree = "<group>";
		};
		0D8643BA28930C8A0083312C /* Products */ = {
			isa = PBXGroup;
			children = (
				0D8643B928930C8A0083312C /* To Do List 2022.app */,
			);
			name = Products;
			sourceTree = "<group>";
		};
		0D8643BB28930C8A0083312C /* To Do List 2022 */ = {
			isa = PBXGroup;
			children = (
				0D8643D328931D710083312C /* App */,
				0D8643DA28935C790083312C /* Cells */,
				0D8643DD2893DF6F0083312C /* Extensions */,
				0D8643D028930CAF0083312C /* Models */,
				0D8643BE28930C8A0083312C /* SceneDelegate.swift */,
				0D8643D428931D890083312C /* Storyboards */,
				0DCB1C962895DBDD007CA4EA /* View */,
				0D8643D528931D980083312C /* View Controllers */,
			);
			path = "To Do List 2022";
			sourceTree = "<group>";
		};
		0D8643D028930CAF0083312C /* Models */ = {
			isa = PBXGroup;
			children = (
				0D8643D128930CE70083312C /* ToDo.swift */,
			);
			path = Models;
			sourceTree = "<group>";
		};
		0D8643D328931D710083312C /* App */ = {
			isa = PBXGroup;
			children = (
				0D8643BC28930C8A0083312C /* AppDelegate.swift */,
				0D8643C528930C8B0083312C /* Assets.xcassets */,
				0D8643CA28930C8B0083312C /* Info.plist */,
			);
			path = App;
			sourceTree = "<group>";
		};
		0D8643D428931D890083312C /* Storyboards */ = {
			isa = PBXGroup;
			children = (
				0D8643C228930C8A0083312C /* Main.storyboard */,
				0D8643C728930C8B0083312C /* LaunchScreen.storyboard */,
			);
			path = Storyboards;
			sourceTree = "<group>";
		};
		0D8643D528931D980083312C /* View Controllers */ = {
			isa = PBXGroup;
			children = (
				0D8643D6289325790083312C /* ToDoTableViewController.swift */,
				0D8643D8289325B20083312C /* ToDoItemTableViewController.swift */,
			);
			path = "View Controllers";
			sourceTree = "<group>";
		};
		0D8643DA28935C790083312C /* Cells */ = {
			isa = PBXGroup;
			children = (
				0D8643E6289561C80083312C /* DateCell.swift */,
				0D8643E82895620A0083312C /* DatePickerCell.swift */,
				0D8643EA289562580083312C /* ImageCell.swift */,
				0D8643E42895617C0083312C /* SwitchCell.swift */,
				0D8643E228955AEB0083312C /* TextFieldCell.swift */,
				0D8643DB28935CD30083312C /* ToDoCell.swift */,
			);
			path = Cells;
			sourceTree = "<group>";
		};
		0D8643DD2893DF6F0083312C /* Extensions */ = {
			isa = PBXGroup;
			children = (
				0D8643DE2893E25D0083312C /* String+Extension.swift */,
				0D8643E02893EA970083312C /* Date+Extension.swift */,
			);
			path = Extensions;
			sourceTree = "<group>";
		};
		0DCB1C962895DBDD007CA4EA /* View */ = {
			isa = PBXGroup;
			children = (
				0DCB1C972895DCAE007CA4EA /* SectionDatePicker.swift */,
				0DCB1C992895DE75007CA4EA /* SectionPickerController.swift */,
				0DCB1C9B2895DECA007CA4EA /* SectionSwitch.swift */,
				0DCB1C9D2895DFA4007CA4EA /* SectionTextField.swift */,
			);
			path = View;
			sourceTree = "<group>";
		};
/* End PBXGroup section */

/* Begin PBXNativeTarget section */
		0D8643B828930C8A0083312C /* To Do List 2022 */ = {
			isa = PBXNativeTarget;
			buildConfigurationList = 0D8643CD28930C8B0083312C /* Build configuration list for PBXNativeTarget "To Do List 2022" */;
			buildPhases = (
				0D8643B528930C8A0083312C /* Sources */,
				0D8643B628930C8A0083312C /* Frameworks */,
				0D8643B728930C8A0083312C /* Resources */,
			);
			buildRules = (
			);
			dependencies = (
			);
			name = "To Do List 2022";
			productName = "To Do List 2022";
			productReference = 0D8643B928930C8A0083312C /* To Do List 2022.app */;
			productType = "com.apple.product-type.application";
		};
/* End PBXNativeTarget section */

/* Begin PBXProject section */
		0D8643B128930C8A0083312C /* Project object */ = {
			isa = PBXProject;
			attributes = {
				BuildIndependentTargetsInParallel = 1;
				LastSwiftUpdateCheck = 1340;
				LastUpgradeCheck = 1340;
				TargetAttributes = {
					0D8643B828930C8A0083312C = {
						CreatedOnToolsVersion = 13.4.1;
					};
				};
			};
			buildConfigurationList = 0D8643B428930C8A0083312C /* Build configuration list for PBXProject "To Do List 2022" */;
			compatibilityVersion = "Xcode 13.0";
			developmentRegion = en;
			hasScannedForEncodings = 0;
			knownRegions = (
				en,
				Base,
			);
			mainGroup = 0D8643B028930C8A0083312C;
			productRefGroup = 0D8643BA28930C8A0083312C /* Products */;
			projectDirPath = "";
			projectRoot = "";
			targets = (
				0D8643B828930C8A0083312C /* To Do List 2022 */,
			);
		};
/* End PBXProject section */

/* Begin PBXResourcesBuildPhase section */
		0D8643B728930C8A0083312C /* Resources */ = {
			isa = PBXResourcesBuildPhase;
			buildActionMask = 2147483647;
			files = (
				0D8643C928930C8B0083312C /* LaunchScreen.storyboard in Resources */,
				0D4D8D7428960BF100A30548 /* Screenshot05.png in Resources */,
				0D8643C628930C8B0083312C /* Assets.xcassets in Resources */,
				0D8643C428930C8A0083312C /* Main.storyboard in Resources */,
				0D4D8D7328960BF100A30548 /* Screenshot04.png in Resources */,
				0D4D8D7728960BF100A30548 /* Screenshot06.png in Resources */,
				0D4D8D7528960BF100A30548 /* Screenshot02.png in Resources */,
				0D4D8D7228960BF100A30548 /* Screenshot01.png in Resources */,
				0D4D8D7628960BF100A30548 /* Screenshot03.png in Resources */,
			);
			runOnlyForDeploymentPostprocessing = 0;
		};
/* End PBXResourcesBuildPhase section */

/* Begin PBXSourcesBuildPhase section */
		0D8643B528930C8A0083312C /* Sources */ = {
			isa = PBXSourcesBuildPhase;
			buildActionMask = 2147483647;
			files = (
				0D8643BD28930C8A0083312C /* AppDelegate.swift in Sources */,
				0D8643E7289561C80083312C /* DateCell.swift in Sources */,
				0D8643DF2893E25D0083312C /* String+Extension.swift in Sources */,
				0D8643DC28935CD30083312C /* ToDoCell.swift in Sources */,
				0D8643D7289325790083312C /* ToDoTableViewController.swift in Sources */,
				0DCB1C9E2895DFA4007CA4EA /* SectionTextField.swift in Sources */,
				0DCB1C9C2895DECA007CA4EA /* SectionSwitch.swift in Sources */,
				0D8643D9289325B20083312C /* ToDoItemTableViewController.swift in Sources */,
				0D8643E328955AEB0083312C /* TextFieldCell.swift in Sources */,
				0D8643E12893EA970083312C /* Date+Extension.swift in Sources */,
				0D8643BF28930C8A0083312C /* SceneDelegate.swift in Sources */,
				0D8643D228930CE70083312C /* ToDo.swift in Sources */,
				0D8643E52895617C0083312C /* SwitchCell.swift in Sources */,
				0D8643E92895620A0083312C /* DatePickerCell.swift in Sources */,
				0DCB1C9A2895DE75007CA4EA /* SectionPickerController.swift in Sources */,
				0D8643EB289562580083312C /* ImageCell.swift in Sources */,
				0DCB1C982895DCAE007CA4EA /* SectionDatePicker.swift in Sources */,
			);
			runOnlyForDeploymentPostprocessing = 0;
		};
/* End PBXSourcesBuildPhase section */

/* Begin PBXVariantGroup section */
		0D8643C228930C8A0083312C /* Main.storyboard */ = {
			isa = PBXVariantGroup;
			children = (
				0D8643C328930C8A0083312C /* Base */,
			);
			name = Main.storyboard;
			sourceTree = "<group>";
		};
		0D8643C728930C8B0083312C /* LaunchScreen.storyboard */ = {
			isa = PBXVariantGroup;
			children = (
				0D8643C828930C8B0083312C /* Base */,
			);
			name = LaunchScreen.storyboard;
			sourceTree = "<group>";
		};
/* End PBXVariantGroup section */

/* Begin XCBuildConfiguration section */
		0D8643CB28930C8B0083312C /* Debug */ = {
			isa = XCBuildConfiguration;
			buildSettings = {
				ALWAYS_SEARCH_USER_PATHS = NO;
				CLANG_ANALYZER_NONNULL = YES;
				CLANG_ANALYZER_NUMBER_OBJECT_CONVERSION = YES_AGGRESSIVE;
				CLANG_CXX_LANGUAGE_STANDARD = "gnu++17";
				CLANG_ENABLE_MODULES = YES;
				CLANG_ENABLE_OBJC_ARC = YES;
				CLANG_ENABLE_OBJC_WEAK = YES;
				CLANG_WARN_BLOCK_CAPTURE_AUTORELEASING = YES;
				CLANG_WARN_BOOL_CONVERSION = YES;
				CLANG_WARN_COMMA = YES;
				CLANG_WARN_CONSTANT_CONVERSION = YES;
				CLANG_WARN_DEPRECATED_OBJC_IMPLEMENTATIONS = YES;
				CLANG_WARN_DIRECT_OBJC_ISA_USAGE = YES_ERROR;
				CLANG_WARN_DOCUMENTATION_COMMENTS = YES;
				CLANG_WARN_EMPTY_BODY = YES;
				CLANG_WARN_ENUM_CONVERSION = YES;
				CLANG_WARN_INFINITE_RECURSION = YES;
				CLANG_WARN_INT_CONVERSION = YES;
				CLANG_WARN_NON_LITERAL_NULL_CONVERSION = YES;
				CLANG_WARN_OBJC_IMPLICIT_RETAIN_SELF = YES;
				CLANG_WARN_OBJC_LITERAL_CONVERSION = YES;
				CLANG_WARN_OBJC_ROOT_CLASS = YES_ERROR;
				CLANG_WARN_QUOTED_INCLUDE_IN_FRAMEWORK_HEADER = YES;
				CLANG_WARN_RANGE_LOOP_ANALYSIS = YES;
				CLANG_WARN_STRICT_PROTOTYPES = YES;
				CLANG_WARN_SUSPICIOUS_MOVE = YES;
				CLANG_WARN_UNGUARDED_AVAILABILITY = YES_AGGRESSIVE;
				CLANG_WARN_UNREACHABLE_CODE = YES;
				CLANG_WARN__DUPLICATE_METHOD_MATCH = YES;
				COPY_PHASE_STRIP = NO;
				DEBUG_INFORMATION_FORMAT = dwarf;
				ENABLE_STRICT_OBJC_MSGSEND = YES;
				ENABLE_TESTABILITY = YES;
				GCC_C_LANGUAGE_STANDARD = gnu11;
				GCC_DYNAMIC_NO_PIC = NO;
				GCC_NO_COMMON_BLOCKS = YES;
				GCC_OPTIMIZATION_LEVEL = 0;
				GCC_PREPROCESSOR_DEFINITIONS = (
					"DEBUG=1",
					"$(inherited)",
				);
				GCC_WARN_64_TO_32_BIT_CONVERSION = YES;
				GCC_WARN_ABOUT_RETURN_TYPE = YES_ERROR;
				GCC_WARN_UNDECLARED_SELECTOR = YES;
				GCC_WARN_UNINITIALIZED_AUTOS = YES_AGGRESSIVE;
				GCC_WARN_UNUSED_FUNCTION = YES;
				GCC_WARN_UNUSED_VARIABLE = YES;
				IPHONEOS_DEPLOYMENT_TARGET = 15.5;
				MTL_ENABLE_DEBUG_INFO = INCLUDE_SOURCE;
				MTL_FAST_MATH = YES;
				ONLY_ACTIVE_ARCH = YES;
				SDKROOT = iphoneos;
				SWIFT_ACTIVE_COMPILATION_CONDITIONS = DEBUG;
				SWIFT_OPTIMIZATION_LEVEL = "-Onone";
			};
			name = Debug;
		};
		0D8643CC28930C8B0083312C /* Release */ = {
			isa = XCBuildConfiguration;
			buildSettings = {
				ALWAYS_SEARCH_USER_PATHS = NO;
				CLANG_ANALYZER_NONNULL = YES;
				CLANG_ANALYZER_NUMBER_OBJECT_CONVERSION = YES_AGGRESSIVE;
				CLANG_CXX_LANGUAGE_STANDARD = "gnu++17";
				CLANG_ENABLE_MODULES = YES;
				CLANG_ENABLE_OBJC_ARC = YES;
				CLANG_ENABLE_OBJC_WEAK = YES;
				CLANG_WARN_BLOCK_CAPTURE_AUTORELEASING = YES;
				CLANG_WARN_BOOL_CONVERSION = YES;
				CLANG_WARN_COMMA = YES;
				CLANG_WARN_CONSTANT_CONVERSION = YES;
				CLANG_WARN_DEPRECATED_OBJC_IMPLEMENTATIONS = YES;
				CLANG_WARN_DIRECT_OBJC_ISA_USAGE = YES_ERROR;
				CLANG_WARN_DOCUMENTATION_COMMENTS = YES;
				CLANG_WARN_EMPTY_BODY = YES;
				CLANG_WARN_ENUM_CONVERSION = YES;
				CLANG_WARN_INFINITE_RECURSION = YES;
				CLANG_WARN_INT_CONVERSION = YES;
				CLANG_WARN_NON_LITERAL_NULL_CONVERSION = YES;
				CLANG_WARN_OBJC_IMPLICIT_RETAIN_SELF = YES;
				CLANG_WARN_OBJC_LITERAL_CONVERSION = YES;
				CLANG_WARN_OBJC_ROOT_CLASS = YES_ERROR;
				CLANG_WARN_QUOTED_INCLUDE_IN_FRAMEWORK_HEADER = YES;
				CLANG_WARN_RANGE_LOOP_ANALYSIS = YES;
				CLANG_WARN_STRICT_PROTOTYPES = YES;
				CLANG_WARN_SUSPICIOUS_MOVE = YES;
				CLANG_WARN_UNGUARDED_AVAILABILITY = YES_AGGRESSIVE;
				CLANG_WARN_UNREACHABLE_CODE = YES;
				CLANG_WARN__DUPLICATE_METHOD_MATCH = YES;
				COPY_PHASE_STRIP = NO;
				DEBUG_INFORMATION_FORMAT = "dwarf-with-dsym";
				ENABLE_NS_ASSERTIONS = NO;
				ENABLE_STRICT_OBJC_MSGSEND = YES;
				GCC_C_LANGUAGE_STANDARD = gnu11;
				GCC_NO_COMMON_BLOCKS = YES;
				GCC_WARN_64_TO_32_BIT_CONVERSION = YES;
				GCC_WARN_ABOUT_RETURN_TYPE = YES_ERROR;
				GCC_WARN_UNDECLARED_SELECTOR = YES;
				GCC_WARN_UNINITIALIZED_AUTOS = YES_AGGRESSIVE;
				GCC_WARN_UNUSED_FUNCTION = YES;
				GCC_WARN_UNUSED_VARIABLE = YES;
				IPHONEOS_DEPLOYMENT_TARGET = 15.5;
				MTL_ENABLE_DEBUG_INFO = NO;
				MTL_FAST_MATH = YES;
				SDKROOT = iphoneos;
				SWIFT_COMPILATION_MODE = wholemodule;
				SWIFT_OPTIMIZATION_LEVEL = "-O";
				VALIDATE_PRODUCT = YES;
			};
			name = Release;
		};
		0D8643CE28930C8B0083312C /* Debug */ = {
			isa = XCBuildConfiguration;
			buildSettings = {
				ASSETCATALOG_COMPILER_APPICON_NAME = AppIcon;
				ASSETCATALOG_COMPILER_GLOBAL_ACCENT_COLOR_NAME = AccentColor;
				CODE_SIGN_STYLE = Automatic;
				CURRENT_PROJECT_VERSION = 1;
				DEVELOPMENT_TEAM = F8NU337697;
				GENERATE_INFOPLIST_FILE = YES;
				INFOPLIST_FILE = "To Do List 2022/App/Info.plist";
				INFOPLIST_KEY_UIApplicationSupportsIndirectInputEvents = YES;
				INFOPLIST_KEY_UILaunchStoryboardName = LaunchScreen;
				INFOPLIST_KEY_UIMainStoryboardFile = Main;
				INFOPLIST_KEY_UISupportedInterfaceOrientations_iPad = "UIInterfaceOrientationPortrait UIInterfaceOrientationPortraitUpsideDown UIInterfaceOrientationLandscapeLeft UIInterfaceOrientationLandscapeRight";
				INFOPLIST_KEY_UISupportedInterfaceOrientations_iPhone = "UIInterfaceOrientationPortrait UIInterfaceOrientationLandscapeLeft UIInterfaceOrientationLandscapeRight";
				LD_RUNPATH_SEARCH_PATHS = (
					"$(inherited)",
					"@executable_path/Frameworks",
				);
				MARKETING_VERSION = 1.0;
				PRODUCT_BUNDLE_IDENTIFIER = "com.example.To-Do-List-2022";
				PRODUCT_NAME = "$(TARGET_NAME)";
				SWIFT_EMIT_LOC_STRINGS = YES;
				SWIFT_VERSION = 5.0;
				TARGETED_DEVICE_FAMILY = "1,2";
			};
			name = Debug;
		};
		0D8643CF28930C8B0083312C /* Release */ = {
			isa = XCBuildConfiguration;
			buildSettings = {
				ASSETCATALOG_COMPILER_APPICON_NAME = AppIcon;
				ASSETCATALOG_COMPILER_GLOBAL_ACCENT_COLOR_NAME = AccentColor;
				CODE_SIGN_STYLE = Automatic;
				CURRENT_PROJECT_VERSION = 1;
				DEVELOPMENT_TEAM = F8NU337697;
				GENERATE_INFOPLIST_FILE = YES;
				INFOPLIST_FILE = "To Do List 2022/App/Info.plist";
				INFOPLIST_KEY_UIApplicationSupportsIndirectInputEvents = YES;
				INFOPLIST_KEY_UILaunchStoryboardName = LaunchScreen;
				INFOPLIST_KEY_UIMainStoryboardFile = Main;
				INFOPLIST_KEY_UISupportedInterfaceOrientations_iPad = "UIInterfaceOrientationPortrait UIInterfaceOrientationPortraitUpsideDown UIInterfaceOrientationLandscapeLeft UIInterfaceOrientationLandscapeRight";
				INFOPLIST_KEY_UISupportedInterfaceOrientations_iPhone = "UIInterfaceOrientationPortrait UIInterfaceOrientationLandscapeLeft UIInterfaceOrientationLandscapeRight";
				LD_RUNPATH_SEARCH_PATHS = (
					"$(inherited)",
					"@executable_path/Frameworks",
				);
				MARKETING_VERSION = 1.0;
				PRODUCT_BUNDLE_IDENTIFIER = "com.example.To-Do-List-2022";
				PRODUCT_NAME = "$(TARGET_NAME)";
				SWIFT_EMIT_LOC_STRINGS = YES;
				SWIFT_VERSION = 5.0;
				TARGETED_DEVICE_FAMILY = "1,2";
			};
			name = Release;
		};
/* End XCBuildConfiguration section */

/* Begin XCConfigurationList section */
		0D8643B428930C8A0083312C /* Build configuration list for PBXProject "To Do List 2022" */ = {
			isa = XCConfigurationList;
			buildConfigurations = (
				0D8643CB28930C8B0083312C /* Debug */,
				0D8643CC28930C8B0083312C /* Release */,
			);
			defaultConfigurationIsVisible = 0;
			defaultConfigurationName = Release;
		};
		0D8643CD28930C8B0083312C /* Build configuration list for PBXNativeTarget "To Do List 2022" */ = {
			isa = XCConfigurationList;
			buildConfigurations = (
				0D8643CE28930C8B0083312C /* Debug */,
				0D8643CF28930C8B0083312C /* Release */,
			);
			defaultConfigurationIsVisible = 0;
			defaultConfigurationName = Release;
		};
/* End XCConfigurationList section */
	};
	rootObject = 0D8643B128930C8A0083312C /* Project object */;
}
